// !$*UTF8*$!
{
	archiveVersion = 1;
	classes = {
	};
	objectVersion = 50;
	objects = {

/* Begin PBXBuildFile section */
		325DFFC921DD6691002D7C28 /* AppDelegate.swift in Sources */ = {isa = PBXBuildFile; fileRef = 325DFFC821DD6691002D7C28 /* AppDelegate.swift */; };
		325DFFCE21DD6691002D7C28 /* Main.storyboard in Resources */ = {isa = PBXBuildFile; fileRef = 325DFFCC21DD6691002D7C28 /* Main.storyboard */; };
		325DFFD021DD6692002D7C28 /* Assets.xcassets in Resources */ = {isa = PBXBuildFile; fileRef = 325DFFCF21DD6692002D7C28 /* Assets.xcassets */; };
		325DFFD321DD6692002D7C28 /* LaunchScreen.storyboard in Resources */ = {isa = PBXBuildFile; fileRef = 325DFFD121DD6692002D7C28 /* LaunchScreen.storyboard */; };
		325DFFDE21DD6692002D7C28 /* PhotoramaTests.swift in Sources */ = {isa = PBXBuildFile; fileRef = 325DFFDD21DD6692002D7C28 /* PhotoramaTests.swift */; };
		325DFFE921DD6692002D7C28 /* PhotoramaUITests.swift in Sources */ = {isa = PBXBuildFile; fileRef = 325DFFE821DD6692002D7C28 /* PhotoramaUITests.swift */; };
		325DFFF721DD66B7002D7C28 /* PhotosViewController.swift in Sources */ = {isa = PBXBuildFile; fileRef = 325DFFF621DD66B7002D7C28 /* PhotosViewController.swift */; };
		325DFFFD21DDB0D9002D7C28 /* FlickrAPI.swift in Sources */ = {isa = PBXBuildFile; fileRef = 325DFFFC21DDB0D9002D7C28 /* FlickrAPI.swift */; };
		32A13F4A21E3EE2B00DD3BED /* ImageStore.swift in Sources */ = {isa = PBXBuildFile; fileRef = 32A13F4921E3EE2B00DD3BED /* ImageStore.swift */; };
		32A13F4E21E3F2FF00DD3BED /* PhotoInfoViewController.swift in Sources */ = {isa = PBXBuildFile; fileRef = 32A13F4D21E3F2FF00DD3BED /* PhotoInfoViewController.swift */; };
		32A13F5121E55C4C00DD3BED /* Photorama.xcdatamodeld in Sources */ = {isa = PBXBuildFile; fileRef = 32A13F4F21E55C4C00DD3BED /* Photorama.xcdatamodeld */; };
		32A13F5421E55F1E00DD3BED /* Photo+CoreDataClass.swift in Sources */ = {isa = PBXBuildFile; fileRef = 32A13F5221E55F1E00DD3BED /* Photo+CoreDataClass.swift */; };
		32A13F5721E7FB3400DD3BED /* Photo+CoreDataProperties.swift in Sources */ = {isa = PBXBuildFile; fileRef = 32A13F5621E7FB3400DD3BED /* Photo+CoreDataProperties.swift */; };
		32A13F5C21E91E6300DD3BED /* TagsViewController.swift in Sources */ = {isa = PBXBuildFile; fileRef = 32A13F5B21E91E6300DD3BED /* TagsViewController.swift */; };
		32A13F5E21E9256E00DD3BED /* TagDataSource.swift in Sources */ = {isa = PBXBuildFile; fileRef = 32A13F5D21E9256E00DD3BED /* TagDataSource.swift */; };
		32BD698721DE951400B7593B /* PhotoStore.swift in Sources */ = {isa = PBXBuildFile; fileRef = 32BD698621DE951400B7593B /* PhotoStore.swift */; };
		32C78BB121E18C01004D4366 /* PhotoDataSource.swift in Sources */ = {isa = PBXBuildFile; fileRef = 32C78BB021E18C01004D4366 /* PhotoDataSource.swift */; };
		32C78BB321E19227004D4366 /* PhotoCollectionViewCell.swift in Sources */ = {isa = PBXBuildFile; fileRef = 32C78BB221E19227004D4366 /* PhotoCollectionViewCell.swift */; };
/* End PBXBuildFile section */

/* Begin PBXContainerItemProxy section */
		325DFFDA21DD6692002D7C28 /* PBXContainerItemProxy */ = {
			isa = PBXContainerItemProxy;
			containerPortal = 325DFFBD21DD6690002D7C28 /* Project object */;
			proxyType = 1;
			remoteGlobalIDString = 325DFFC421DD6691002D7C28;
			remoteInfo = Photorama;
		};
		325DFFE521DD6692002D7C28 /* PBXContainerItemProxy */ = {
			isa = PBXContainerItemProxy;
			containerPortal = 325DFFBD21DD6690002D7C28 /* Project object */;
			proxyType = 1;
			remoteGlobalIDString = 325DFFC421DD6691002D7C28;
			remoteInfo = Photorama;
		};
/* End PBXContainerItemProxy section */

/* Begin PBXFileReference section */
		325DFFC521DD6691002D7C28 /* Photorama.app */ = {isa = PBXFileReference; explicitFileType = wrapper.application; includeInIndex = 0; path = Photorama.app; sourceTree = BUILT_PRODUCTS_DIR; };
		325DFFC821DD6691002D7C28 /* AppDelegate.swift */ = {isa = PBXFileReference; lastKnownFileType = sourcecode.swift; path = AppDelegate.swift; sourceTree = "<group>"; };
		325DFFCD21DD6691002D7C28 /* Base */ = {isa = PBXFileReference; lastKnownFileType = file.storyboard; name = Base; path = Base.lproj/Main.storyboard; sourceTree = "<group>"; };
		325DFFCF21DD6692002D7C28 /* Assets.xcassets */ = {isa = PBXFileReference; lastKnownFileType = folder.assetcatalog; path = Assets.xcassets; sourceTree = "<group>"; };
		325DFFD221DD6692002D7C28 /* Base */ = {isa = PBXFileReference; lastKnownFileType = file.storyboard; name = Base; path = Base.lproj/LaunchScreen.storyboard; sourceTree = "<group>"; };
		325DFFD421DD6692002D7C28 /* Info.plist */ = {isa = PBXFileReference; lastKnownFileType = text.plist.xml; path = Info.plist; sourceTree = "<group>"; };
		325DFFD921DD6692002D7C28 /* PhotoramaTests.xctest */ = {isa = PBXFileReference; explicitFileType = wrapper.cfbundle; includeInIndex = 0; path = PhotoramaTests.xctest; sourceTree = BUILT_PRODUCTS_DIR; };
		325DFFDD21DD6692002D7C28 /* PhotoramaTests.swift */ = {isa = PBXFileReference; lastKnownFileType = sourcecode.swift; path = PhotoramaTests.swift; sourceTree = "<group>"; };
		325DFFDF21DD6692002D7C28 /* Info.plist */ = {isa = PBXFileReference; lastKnownFileType = text.plist.xml; path = Info.plist; sourceTree = "<group>"; };
		325DFFE421DD6692002D7C28 /* PhotoramaUITests.xctest */ = {isa = PBXFileReference; explicitFileType = wrapper.cfbundle; includeInIndex = 0; path = PhotoramaUITests.xctest; sourceTree = BUILT_PRODUCTS_DIR; };
		325DFFE821DD6692002D7C28 /* PhotoramaUITests.swift */ = {isa = PBXFileReference; lastKnownFileType = sourcecode.swift; path = PhotoramaUITests.swift; sourceTree = "<group>"; };
		325DFFEA21DD6692002D7C28 /* Info.plist */ = {isa = PBXFileReference; lastKnownFileType = text.plist.xml; path = Info.plist; sourceTree = "<group>"; };
		325DFFF621DD66B7002D7C28 /* PhotosViewController.swift */ = {isa = PBXFileReference; lastKnownFileType = sourcecode.swift; path = PhotosViewController.swift; sourceTree = "<group>"; };
		325DFFFC21DDB0D9002D7C28 /* FlickrAPI.swift */ = {isa = PBXFileReference; lastKnownFileType = sourcecode.swift; path = FlickrAPI.swift; sourceTree = "<group>"; };
		32A13F4921E3EE2B00DD3BED /* ImageStore.swift */ = {isa = PBXFileReference; fileEncoding = 4; lastKnownFileType = sourcecode.swift; path = ImageStore.swift; sourceTree = "<group>"; };
		32A13F4D21E3F2FF00DD3BED /* PhotoInfoViewController.swift */ = {isa = PBXFileReference; lastKnownFileType = sourcecode.swift; path = PhotoInfoViewController.swift; sourceTree = "<group>"; };
		32A13F5021E55C4C00DD3BED /* Photorama.xcdatamodel */ = {isa = PBXFileReference; lastKnownFileType = wrapper.xcdatamodel; path = Photorama.xcdatamodel; sourceTree = "<group>"; };
		32A13F5221E55F1E00DD3BED /* Photo+CoreDataClass.swift */ = {isa = PBXFileReference; lastKnownFileType = sourcecode.swift; path = "Photo+CoreDataClass.swift"; sourceTree = "<group>"; };
		32A13F5621E7FB3400DD3BED /* Photo+CoreDataProperties.swift */ = {isa = PBXFileReference; lastKnownFileType = sourcecode.swift; path = "Photo+CoreDataProperties.swift"; sourceTree = "<group>"; };
		32A13F5B21E91E6300DD3BED /* TagsViewController.swift */ = {isa = PBXFileReference; lastKnownFileType = sourcecode.swift; path = TagsViewController.swift; sourceTree = "<group>"; };
		32A13F5D21E9256E00DD3BED /* TagDataSource.swift */ = {isa = PBXFileReference; lastKnownFileType = sourcecode.swift; path = TagDataSource.swift; sourceTree = "<group>"; };
		32BD698621DE951400B7593B /* PhotoStore.swift */ = {isa = PBXFileReference; lastKnownFileType = sourcecode.swift; path = PhotoStore.swift; sourceTree = "<group>"; };
		32C78BB021E18C01004D4366 /* PhotoDataSource.swift */ = {isa = PBXFileReference; lastKnownFileType = sourcecode.swift; path = PhotoDataSource.swift; sourceTree = "<group>"; };
		32C78BB221E19227004D4366 /* PhotoCollectionViewCell.swift */ = {isa = PBXFileReference; lastKnownFileType = sourcecode.swift; path = PhotoCollectionViewCell.swift; sourceTree = "<group>"; };
/* End PBXFileReference section */

/* Begin PBXFrameworksBuildPhase section */
		325DFFC221DD6690002D7C28 /* Frameworks */ = {
			isa = PBXFrameworksBuildPhase;
			buildActionMask = 2147483647;
			files = (
			);
			runOnlyForDeploymentPostprocessing = 0;
		};
		325DFFD621DD6692002D7C28 /* Frameworks */ = {
			isa = PBXFrameworksBuildPhase;
			buildActionMask = 2147483647;
			files = (
			);
			runOnlyForDeploymentPostprocessing = 0;
		};
		325DFFE121DD6692002D7C28 /* Frameworks */ = {
			isa = PBXFrameworksBuildPhase;
			buildActionMask = 2147483647;
			files = (
			);
			runOnlyForDeploymentPostprocessing = 0;
		};
/* End PBXFrameworksBuildPhase section */

/* Begin PBXGroup section */
		325DFFBC21DD6690002D7C28 = {
			isa = PBXGroup;
			children = (
				32A13F5621E7FB3400DD3BED /* Photo+CoreDataProperties.swift */,
				32A13F5221E55F1E00DD3BED /* Photo+CoreDataClass.swift */,
				325DFFC721DD6691002D7C28 /* Photorama */,
				325DFFDC21DD6692002D7C28 /* PhotoramaTests */,
				325DFFE721DD6692002D7C28 /* PhotoramaUITests */,
				325DFFC621DD6691002D7C28 /* Products */,
				32A13F4F21E55C4C00DD3BED /* Photorama.xcdatamodeld */,
			);
			sourceTree = "<group>";
		};
		325DFFC621DD6691002D7C28 /* Products */ = {
			isa = PBXGroup;
			children = (
				325DFFC521DD6691002D7C28 /* Photorama.app */,
				325DFFD921DD6692002D7C28 /* PhotoramaTests.xctest */,
				325DFFE421DD6692002D7C28 /* PhotoramaUITests.xctest */,
			);
			name = Products;
			sourceTree = "<group>";
		};
		325DFFC721DD6691002D7C28 /* Photorama */ = {
			isa = PBXGroup;
			children = (
				325DFFC821DD6691002D7C28 /* AppDelegate.swift */,
				325DFFF621DD66B7002D7C28 /* PhotosViewController.swift */,
				325DFFFC21DDB0D9002D7C28 /* FlickrAPI.swift */,
				325DFFCC21DD6691002D7C28 /* Main.storyboard */,
				325DFFCF21DD6692002D7C28 /* Assets.xcassets */,
				325DFFD121DD6692002D7C28 /* LaunchScreen.storyboard */,
				325DFFD421DD6692002D7C28 /* Info.plist */,
				32A13F4921E3EE2B00DD3BED /* ImageStore.swift */,
				32BD698621DE951400B7593B /* PhotoStore.swift */,
				32C78BB021E18C01004D4366 /* PhotoDataSource.swift */,
				32C78BB221E19227004D4366 /* PhotoCollectionViewCell.swift */,
				32A13F4D21E3F2FF00DD3BED /* PhotoInfoViewController.swift */,
				32A13F5B21E91E6300DD3BED /* TagsViewController.swift */,
				32A13F5D21E9256E00DD3BED /* TagDataSource.swift */,
			);
			path = Photorama;
			sourceTree = "<group>";
		};
		325DFFDC21DD6692002D7C28 /* PhotoramaTests */ = {
			isa = PBXGroup;
			children = (
				325DFFDD21DD6692002D7C28 /* PhotoramaTests.swift */,
				325DFFDF21DD6692002D7C28 /* Info.plist */,
			);
			path = PhotoramaTests;
			sourceTree = "<group>";
		};
		325DFFE721DD6692002D7C28 /* PhotoramaUITests */ = {
			isa = PBXGroup;
			children = (
				325DFFE821DD6692002D7C28 /* PhotoramaUITests.swift */,
				325DFFEA21DD6692002D7C28 /* Info.plist */,
			);
			path = PhotoramaUITests;
			sourceTree = "<group>";
		};
/* End PBXGroup section */

/* Begin PBXNativeTarget section */
		325DFFC421DD6691002D7C28 /* Photorama */ = {
			isa = PBXNativeTarget;
			buildConfigurationList = 325DFFED21DD6692002D7C28 /* Build configuration list for PBXNativeTarget "Photorama" */;
			buildPhases = (
				325DFFC121DD6690002D7C28 /* Sources */,
				325DFFC221DD6690002D7C28 /* Frameworks */,
				325DFFC321DD6690002D7C28 /* Resources */,
			);
			buildRules = (
			);
			dependencies = (
			);
			name = Photorama;
			productName = Photorama;
			productReference = 325DFFC521DD6691002D7C28 /* Photorama.app */;
			productType = "com.apple.product-type.application";
		};
		325DFFD821DD6692002D7C28 /* PhotoramaTests */ = {
			isa = PBXNativeTarget;
			buildConfigurationList = 325DFFF021DD6692002D7C28 /* Build configuration list for PBXNativeTarget "PhotoramaTests" */;
			buildPhases = (
				325DFFD521DD6692002D7C28 /* Sources */,
				325DFFD621DD6692002D7C28 /* Frameworks */,
				325DFFD721DD6692002D7C28 /* Resources */,
			);
			buildRules = (
			);
			dependencies = (
				325DFFDB21DD6692002D7C28 /* PBXTargetDependency */,
			);
			name = PhotoramaTests;
			productName = PhotoramaTests;
			productReference = 325DFFD921DD6692002D7C28 /* PhotoramaTests.xctest */;
			productType = "com.apple.product-type.bundle.unit-test";
		};
		325DFFE321DD6692002D7C28 /* PhotoramaUITests */ = {
			isa = PBXNativeTarget;
			buildConfigurationList = 325DFFF321DD6692002D7C28 /* Build configuration list for PBXNativeTarget "PhotoramaUITests" */;
			buildPhases = (
				325DFFE021DD6692002D7C28 /* Sources */,
				325DFFE121DD6692002D7C28 /* Frameworks */,
				325DFFE221DD6692002D7C28 /* Resources */,
			);
			buildRules = (
			);
			dependencies = (
				325DFFE621DD6692002D7C28 /* PBXTargetDependency */,
			);
			name = PhotoramaUITests;
			productName = PhotoramaUITests;
			productReference = 325DFFE421DD6692002D7C28 /* PhotoramaUITests.xctest */;
			productType = "com.apple.product-type.bundle.ui-testing";
		};
/* End PBXNativeTarget section */

/* Begin PBXProject section */
		325DFFBD21DD6690002D7C28 /* Project object */ = {
			isa = PBXProject;
			attributes = {
				LastSwiftUpdateCheck = 0940;
				LastUpgradeCheck = 0940;
				ORGANIZATIONNAME = SB;
				TargetAttributes = {
					325DFFC421DD6691002D7C28 = {
						CreatedOnToolsVersion = 9.4.1;
					};
					325DFFD821DD6692002D7C28 = {
						CreatedOnToolsVersion = 9.4.1;
						TestTargetID = 325DFFC421DD6691002D7C28;
					};
					325DFFE321DD6692002D7C28 = {
						CreatedOnToolsVersion = 9.4.1;
						TestTargetID = 325DFFC421DD6691002D7C28;
					};
				};
			};
			buildConfigurationList = 325DFFC021DD6690002D7C28 /* Build configuration list for PBXProject "Photorama" */;
			compatibilityVersion = "Xcode 9.3";
			developmentRegion = en;
			hasScannedForEncodings = 0;
			knownRegions = (
				en,
				Base,
			);
			mainGroup = 325DFFBC21DD6690002D7C28;
			productRefGroup = 325DFFC621DD6691002D7C28 /* Products */;
			projectDirPath = "";
			projectRoot = "";
			targets = (
				325DFFC421DD6691002D7C28 /* Photorama */,
				325DFFD821DD6692002D7C28 /* PhotoramaTests */,
				325DFFE321DD6692002D7C28 /* PhotoramaUITests */,
			);
		};
/* End PBXProject section */

/* Begin PBXResourcesBuildPhase section */
		325DFFC321DD6690002D7C28 /* Resources */ = {
			isa = PBXResourcesBuildPhase;
			buildActionMask = 2147483647;
			files = (
				325DFFD321DD6692002D7C28 /* LaunchScreen.storyboard in Resources */,
				325DFFD021DD6692002D7C28 /* Assets.xcassets in Resources */,
				325DFFCE21DD6691002D7C28 /* Main.storyboard in Resources */,
			);
			runOnlyForDeploymentPostprocessing = 0;
		};
		325DFFD721DD6692002D7C28 /* Resources */ = {
			isa = PBXResourcesBuildPhase;
			buildActionMask = 2147483647;
			files = (
			);
			runOnlyForDeploymentPostprocessing = 0;
		};
		325DFFE221DD6692002D7C28 /* Resources */ = {
			isa = PBXResourcesBuildPhase;
			buildActionMask = 2147483647;
			files = (
			);
			runOnlyForDeploymentPostprocessing = 0;
		};
/* End PBXResourcesBuildPhase section */

/* Begin PBXSourcesBuildPhase section */
		325DFFC121DD6690002D7C28 /* Sources */ = {
			isa = PBXSourcesBuildPhase;
			buildActionMask = 2147483647;
			files = (
				32A13F5421E55F1E00DD3BED /* Photo+CoreDataClass.swift in Sources */,
				32A13F5E21E9256E00DD3BED /* TagDataSource.swift in Sources */,
				325DFFFD21DDB0D9002D7C28 /* FlickrAPI.swift in Sources */,
				325DFFF721DD66B7002D7C28 /* PhotosViewController.swift in Sources */,
				32BD698721DE951400B7593B /* PhotoStore.swift in Sources */,
				32A13F4A21E3EE2B00DD3BED /* ImageStore.swift in Sources */,
				32A13F5C21E91E6300DD3BED /* TagsViewController.swift in Sources */,
				32C78BB121E18C01004D4366 /* PhotoDataSource.swift in Sources */,
				32A13F5121E55C4C00DD3BED /* Photorama.xcdatamodeld in Sources */,
				32C78BB321E19227004D4366 /* PhotoCollectionViewCell.swift in Sources */,
				32A13F5721E7FB3400DD3BED /* Photo+CoreDataProperties.swift in Sources */,
				325DFFC921DD6691002D7C28 /* AppDelegate.swift in Sources */,
				32A13F4E21E3F2FF00DD3BED /* PhotoInfoViewController.swift in Sources */,
			);
			runOnlyForDeploymentPostprocessing = 0;
		};
		325DFFD521DD6692002D7C28 /* Sources */ = {
			isa = PBXSourcesBuildPhase;
			buildActionMask = 2147483647;
			files = (
				325DFFDE21DD6692002D7C28 /* PhotoramaTests.swift in Sources */,
			);
			runOnlyForDeploymentPostprocessing = 0;
		};
		325DFFE021DD6692002D7C28 /* Sources */ = {
			isa = PBXSourcesBuildPhase;
			buildActionMask = 2147483647;
			files = (
				325DFFE921DD6692002D7C28 /* PhotoramaUITests.swift in Sources */,
			);
			runOnlyForDeploymentPostprocessing = 0;
		};
/* End PBXSourcesBuildPhase section */

/* Begin PBXTargetDependency section */
		325DFFDB21DD6692002D7C28 /* PBXTargetDependency */ = {
			isa = PBXTargetDependency;
			target = 325DFFC421DD6691002D7C28 /* Photorama */;
			targetProxy = 325DFFDA21DD6692002D7C28 /* PBXContainerItemProxy */;
		};
		325DFFE621DD6692002D7C28 /* PBXTargetDependency */ = {
			isa = PBXTargetDependency;
			target = 325DFFC421DD6691002D7C28 /* Photorama */;
			targetProxy = 325DFFE521DD6692002D7C28 /* PBXContainerItemProxy */;
		};
/* End PBXTargetDependency section */

/* Begin PBXVariantGroup section */
		325DFFCC21DD6691002D7C28 /* Main.storyboard */ = {
			isa = PBXVariantGroup;
			children = (
				325DFFCD21DD6691002D7C28 /* Base */,
			);
			name = Main.storyboard;
			sourceTree = "<group>";
		};
		325DFFD121DD6692002D7C28 /* LaunchScreen.storyboard */ = {
			isa = PBXVariantGroup;
			children = (
				325DFFD221DD6692002D7C28 /* Base */,
			);
			name = LaunchScreen.storyboard;
			sourceTree = "<group>";
		};
/* End PBXVariantGroup section */

/* Begin XCBuildConfiguration section */
		325DFFEB21DD6692002D7C28 /* Debug */ = {
			isa = XCBuildConfiguration;
			buildSettings = {
				ALWAYS_SEARCH_USER_PATHS = NO;
				CLANG_ANALYZER_NONNULL = YES;
				CLANG_ANALYZER_NUMBER_OBJECT_CONVERSION = YES_AGGRESSIVE;
				CLANG_CXX_LANGUAGE_STANDARD = "gnu++14";
				CLANG_CXX_LIBRARY = "libc++";
				CLANG_ENABLE_MODULES = YES;
				CLANG_ENABLE_OBJC_ARC = YES;
				CLANG_ENABLE_OBJC_WEAK = YES;
				CLANG_WARN_BLOCK_CAPTURE_AUTORELEASING = YES;
				CLANG_WARN_BOOL_CONVERSION = YES;
				CLANG_WARN_COMMA = YES;
				CLANG_WARN_CONSTANT_CONVERSION = YES;
				CLANG_WARN_DEPRECATED_OBJC_IMPLEMENTATIONS = YES;
				CLANG_WARN_DIRECT_OBJC_ISA_USAGE = YES_ERROR;
				CLANG_WARN_DOCUMENTATION_COMMENTS = YES;
				CLANG_WARN_EMPTY_BODY = YES;
				CLANG_WARN_ENUM_CONVERSION = YES;
				CLANG_WARN_INFINITE_RECURSION = YES;
				CLANG_WARN_INT_CONVERSION = YES;
				CLANG_WARN_NON_LITERAL_NULL_CONVERSION = YES;
				CLANG_WARN_OBJC_IMPLICIT_RETAIN_SELF = YES;
				CLANG_WARN_OBJC_LITERAL_CONVERSION = YES;
				CLANG_WARN_OBJC_ROOT_CLASS = YES_ERROR;
				CLANG_WARN_RANGE_LOOP_ANALYSIS = YES;
				CLANG_WARN_STRICT_PROTOTYPES = YES;
				CLANG_WARN_SUSPICIOUS_MOVE = YES;
				CLANG_WARN_UNGUARDED_AVAILABILITY = YES_AGGRESSIVE;
				CLANG_WARN_UNREACHABLE_CODE = YES;
				CLANG_WARN__DUPLICATE_METHOD_MATCH = YES;
				CODE_SIGN_IDENTITY = "iPhone Developer";
				COPY_PHASE_STRIP = NO;
				DEBUG_INFORMATION_FORMAT = dwarf;
				ENABLE_STRICT_OBJC_MSGSEND = YES;
				ENABLE_TESTABILITY = YES;
				GCC_C_LANGUAGE_STANDARD = gnu11;
				GCC_DYNAMIC_NO_PIC = NO;
				GCC_NO_COMMON_BLOCKS = YES;
				GCC_OPTIMIZATION_LEVEL = 0;
				GCC_PREPROCESSOR_DEFINITIONS = (
					"DEBUG=1",
					"$(inherited)",
				);
				GCC_WARN_64_TO_32_BIT_CONVERSION = YES;
				GCC_WARN_ABOUT_RETURN_TYPE = YES_ERROR;
				GCC_WARN_UNDECLARED_SELECTOR = YES;
				GCC_WARN_UNINITIALIZED_AUTOS = YES_AGGRESSIVE;
				GCC_WARN_UNUSED_FUNCTION = YES;
				GCC_WARN_UNUSED_VARIABLE = YES;
				IPHONEOS_DEPLOYMENT_TARGET = 11.4;
				MTL_ENABLE_DEBUG_INFO = YES;
				ONLY_ACTIVE_ARCH = YES;
				SDKROOT = iphoneos;
				SWIFT_ACTIVE_COMPILATION_CONDITIONS = DEBUG;
				SWIFT_OPTIMIZATION_LEVEL = "-Onone";
			};
			name = Debug;
		};
		325DFFEC21DD6692002D7C28 /* Release */ = {
			isa = XCBuildConfiguration;
			buildSettings = {
				ALWAYS_SEARCH_USER_PATHS = NO;
				CLANG_ANALYZER_NONNULL = YES;
				CLANG_ANALYZER_NUMBER_OBJECT_CONVERSION = YES_AGGRESSIVE;
				CLANG_CXX_LANGUAGE_STANDARD = "gnu++14";
				CLANG_CXX_LIBRARY = "libc++";
				CLANG_ENABLE_MODULES = YES;
				CLANG_ENABLE_OBJC_ARC = YES;
				CLANG_ENABLE_OBJC_WEAK = YES;
				CLANG_WARN_BLOCK_CAPTURE_AUTORELEASING = YES;
				CLANG_WARN_BOOL_CONVERSION = YES;
				CLANG_WARN_COMMA = YES;
				CLANG_WARN_CONSTANT_CONVERSION = YES;
				CLANG_WARN_DEPRECATED_OBJC_IMPLEMENTATIONS = YES;
				CLANG_WARN_DIRECT_OBJC_ISA_USAGE = YES_ERROR;
				CLANG_WARN_DOCUMENTATION_COMMENTS = YES;
				CLANG_WARN_EMPTY_BODY = YES;
				CLANG_WARN_ENUM_CONVERSION = YES;
				CLANG_WARN_INFINITE_RECURSION = YES;
				CLANG_WARN_INT_CONVERSION = YES;
				CLANG_WARN_NON_LITERAL_NULL_CONVERSION = YES;
				CLANG_WARN_OBJC_IMPLICIT_RETAIN_SELF = YES;
				CLANG_WARN_OBJC_LITERAL_CONVERSION = YES;
				CLANG_WARN_OBJC_ROOT_CLASS = YES_ERROR;
				CLANG_WARN_RANGE_LOOP_ANALYSIS = YES;
				CLANG_WARN_STRICT_PROTOTYPES = YES;
				CLANG_WARN_SUSPICIOUS_MOVE = YES;
				CLANG_WARN_UNGUARDED_AVAILABILITY = YES_AGGRESSIVE;
				CLANG_WARN_UNREACHABLE_CODE = YES;
				CLANG_WARN__DUPLICATE_METHOD_MATCH = YES;
				CODE_SIGN_IDENTITY = "iPhone Developer";
				COPY_PHASE_STRIP = NO;
				DEBUG_INFORMATION_FORMAT = "dwarf-with-dsym";
				ENABLE_NS_ASSERTIONS = NO;
				ENABLE_STRICT_OBJC_MSGSEND = YES;
				GCC_C_LANGUAGE_STANDARD = gnu11;
				GCC_NO_COMMON_BLOCKS = YES;
				GCC_WARN_64_TO_32_BIT_CONVERSION = YES;
				GCC_WARN_ABOUT_RETURN_TYPE = YES_ERROR;
				GCC_WARN_UNDECLARED_SELECTOR = YES;
				GCC_WARN_UNINITIALIZED_AUTOS = YES_AGGRESSIVE;
				GCC_WARN_UNUSED_FUNCTION = YES;
				GCC_WARN_UNUSED_VARIABLE = YES;
				IPHONEOS_DEPLOYMENT_TARGET = 11.4;
				MTL_ENABLE_DEBUG_INFO = NO;
				SDKROOT = iphoneos;
				SWIFT_COMPILATION_MODE = wholemodule;
				SWIFT_OPTIMIZATION_LEVEL = "-O";
				VALIDATE_PRODUCT = YES;
			};
			name = Release;
		};
		325DFFEE21DD6692002D7C28 /* Debug */ = {
			isa = XCBuildConfiguration;
			buildSettings = {
				ASSETCATALOG_COMPILER_APPICON_NAME = AppIcon;
				CODE_SIGN_STYLE = Automatic;
				INFOPLIST_FILE = Photorama/Info.plist;
				LD_RUNPATH_SEARCH_PATHS = (
					"$(inherited)",
					"@executable_path/Frameworks",
				);
				PRODUCT_BUNDLE_IDENTIFIER = sb.Photorama;
				PRODUCT_NAME = "$(TARGET_NAME)";
				SWIFT_VERSION = 4.0;
				TARGETED_DEVICE_FAMILY = "1,2";
			};
			name = Debug;
		};
		325DFFEF21DD6692002D7C28 /* Release */ = {
			isa = XCBuildConfiguration;
			buildSettings = {
				ASSETCATALOG_COMPILER_APPICON_NAME = AppIcon;
				CODE_SIGN_STYLE = Automatic;
				INFOPLIST_FILE = Photorama/Info.plist;
				LD_RUNPATH_SEARCH_PATHS = (
					"$(inherited)",
					"@executable_path/Frameworks",
				);
				PRODUCT_BUNDLE_IDENTIFIER = sb.Photorama;
				PRODUCT_NAME = "$(TARGET_NAME)";
				SWIFT_VERSION = 4.0;
				TARGETED_DEVICE_FAMILY = "1,2";
			};
			name = Release;
		};
		325DFFF121DD6692002D7C28 /* Debug */ = {
			isa = XCBuildConfiguration;
			buildSettings = {
				ALWAYS_EMBED_SWIFT_STANDARD_LIBRARIES = YES;
				BUNDLE_LOADER = "$(TEST_HOST)";
				CODE_SIGN_STYLE = Automatic;
				INFOPLIST_FILE = PhotoramaTests/Info.plist;
				LD_RUNPATH_SEARCH_PATHS = (
					"$(inherited)",
					"@executable_path/Frameworks",
					"@loader_path/Frameworks",
				);
				PRODUCT_BUNDLE_IDENTIFIER = sb.PhotoramaTests;
				PRODUCT_NAME = "$(TARGET_NAME)";
				SWIFT_VERSION = 4.0;
				TARGETED_DEVICE_FAMILY = "1,2";
				TEST_HOST = "$(BUILT_PRODUCTS_DIR)/Photorama.app/Photorama";
			};
			name = Debug;
		};
		325DFFF221DD6692002D7C28 /* Release */ = {
			isa = XCBuildConfiguration;
			buildSettings = {
				ALWAYS_EMBED_SWIFT_STANDARD_LIBRARIES = YES;
				BUNDLE_LOADER = "$(TEST_HOST)";
				CODE_SIGN_STYLE = Automatic;
				INFOPLIST_FILE = PhotoramaTests/Info.plist;
				LD_RUNPATH_SEARCH_PATHS = (
					"$(inherited)",
					"@executable_path/Frameworks",
					"@loader_path/Frameworks",
				);
				PRODUCT_BUNDLE_IDENTIFIER = sb.PhotoramaTests;
				PRODUCT_NAME = "$(TARGET_NAME)";
				SWIFT_VERSION = 4.0;
				TARGETED_DEVICE_FAMILY = "1,2";
				TEST_HOST = "$(BUILT_PRODUCTS_DIR)/Photorama.app/Photorama";
			};
			name = Release;
		};
		325DFFF421DD6692002D7C28 /* Debug */ = {
			isa = XCBuildConfiguration;
			buildSettings = {
				ALWAYS_EMBED_SWIFT_STANDARD_LIBRARIES = YES;
				CODE_SIGN_STYLE = Automatic;
				INFOPLIST_FILE = PhotoramaUITests/Info.plist;
				LD_RUNPATH_SEARCH_PATHS = (
					"$(inherited)",
					"@executable_path/Frameworks",
					"@loader_path/Frameworks",
				);
				PRODUCT_BUNDLE_IDENTIFIER = sb.PhotoramaUITests;
				PRODUCT_NAME = "$(TARGET_NAME)";
				SWIFT_VERSION = 4.0;
				TARGETED_DEVICE_FAMILY = "1,2";
				TEST_TARGET_NAME = Photorama;
			};
			name = Debug;
		};
		325DFFF521DD6692002D7C28 /* Release */ = {
			isa = XCBuildConfiguration;
			buildSettings = {
				ALWAYS_EMBED_SWIFT_STANDARD_LIBRARIES = YES;
				CODE_SIGN_STYLE = Automatic;
				INFOPLIST_FILE = PhotoramaUITests/Info.plist;
				LD_RUNPATH_SEARCH_PATHS = (
					"$(inherited)",
					"@executable_path/Frameworks",
					"@loader_path/Frameworks",
				);
				PRODUCT_BUNDLE_IDENTIFIER = sb.PhotoramaUITests;
				PRODUCT_NAME = "$(TARGET_NAME)";
				SWIFT_VERSION = 4.0;
				TARGETED_DEVICE_FAMILY = "1,2";
				TEST_TARGET_NAME = Photorama;
			};
			name = Release;
		};
/* End XCBuildConfiguration section */

/* Begin XCConfigurationList section */
		325DFFC021DD6690002D7C28 /* Build configuration list for PBXProject "Photorama" */ = {
			isa = XCConfigurationList;
			buildConfigurations = (
				325DFFEB21DD6692002D7C28 /* Debug */,
				325DFFEC21DD6692002D7C28 /* Release */,
			);
			defaultConfigurationIsVisible = 0;
			defaultConfigurationName = Release;
		};
		325DFFED21DD6692002D7C28 /* Build configuration list for PBXNativeTarget "Photorama" */ = {
			isa = XCConfigurationList;
			buildConfigurations = (
				325DFFEE21DD6692002D7C28 /* Debug */,
				325DFFEF21DD6692002D7C28 /* Release */,
			);
			defaultConfigurationIsVisible = 0;
			defaultConfigurationName = Release;
		};
		325DFFF021DD6692002D7C28 /* Build configuration list for PBXNativeTarget "PhotoramaTests" */ = {
			isa = XCConfigurationList;
			buildConfigurations = (
				325DFFF121DD6692002D7C28 /* Debug */,
				325DFFF221DD6692002D7C28 /* Release */,
			);
			defaultConfigurationIsVisible = 0;
			defaultConfigurationName = Release;
		};
		325DFFF321DD6692002D7C28 /* Build configuration list for PBXNativeTarget "PhotoramaUITests" */ = {
			isa = XCConfigurationList;
			buildConfigurations = (
				325DFFF421DD6692002D7C28 /* Debug */,
				325DFFF521DD6692002D7C28 /* Release */,
			);
			defaultConfigurationIsVisible = 0;
			defaultConfigurationName = Release;
		};
/* End XCConfigurationList section */

/* Begin XCVersionGroup section */
		32A13F4F21E55C4C00DD3BED /* Photorama.xcdatamodeld */ = {
			isa = XCVersionGroup;
			children = (
				32A13F5021E55C4C00DD3BED /* Photorama.xcdatamodel */,
			);
			currentVersion = 32A13F5021E55C4C00DD3BED /* Photorama.xcdatamodel */;
			path = Photorama.xcdatamodeld;
			sourceTree = "<group>";
			versionGroupType = wrapper.xcdatamodel;
		};
/* End XCVersionGroup section */
	};
	rootObject = 325DFFBD21DD6690002D7C28 /* Project object */;
}
